<Solution>
  <Folder Name="/apps/api/">
    <Project Path="apps/api/Api.csproj" />
    <Project Path="apps/api/Domain/BetterTests.Domain.csproj" />
    <Project Path="apps/api/Application/BetterTests.Application.csproj" />
    <Project Path="apps/api/Infrastructure/BetterTests.Infrastructure.csproj" />
  </Folder>
  <Folder Name="/apps/api-tests/">
    <Project Path="apps/api-tests/ApiTests.csproj" />
  </Folder>
</Solution>